{
  "lockfileVersion": 1,
  "configVersion": 1,
  "workspaces": {
    "": {
      "dependencies": {
        "@vicons/ionicons5": "^0.13.0",
      },
    },
  },
  "packages": {
    "@vicons/ionicons5": ["@vicons/ionicons5@0.13.0", "", {}, "sha512-zvZKBPjEXKN7AXNo2Na2uy+nvuv6SP4KAMQxpKL2vfHMj0fSvuw7JZcOPCjQC3e7ayssKnaoFVAhbYcW6v41qQ=="],
  }
}
